// !$*UTF8*$!
{
	archiveVersion = 1;
	classes = {
	};
	objectVersion = 55;
	objects = {

/* Begin PBXBuildFile section */
		B6A38A452811534B00AB03EC /* AppDelegate.swift in Sources */ = {isa = PBXBuildFile; fileRef = B6A38A442811534B00AB03EC /* AppDelegate.swift */; };
		B6A38A492811534B00AB03EC /* ViewController.swift in Sources */ = {isa = PBXBuildFile; fileRef = B6A38A482811534B00AB03EC /* ViewController.swift */; };
		B6A38A4C2811534B00AB03EC /* Main.storyboard in Resources */ = {isa = PBXBuildFile; fileRef = B6A38A4A2811534B00AB03EC /* Main.storyboard */; };
		B6A38A4E2811534C00AB03EC /* Assets.xcassets in Resources */ = {isa = PBXBuildFile; fileRef = B6A38A4D2811534C00AB03EC /* Assets.xcassets */; };
		B6A38A512811534C00AB03EC /* LaunchScreen.storyboard in Resources */ = {isa = PBXBuildFile; fileRef = B6A38A4F2811534C00AB03EC /* LaunchScreen.storyboard */; };
		B6A38A5C2811534D00AB03EC /* HelloWideExampleTests.swift in Sources */ = {isa = PBXBuildFile; fileRef = B6A38A5B2811534D00AB03EC /* HelloWideExampleTests.swift */; };
		B6A38A662811534D00AB03EC /* HelloWideExampleUITests.swift in Sources */ = {isa = PBXBuildFile; fileRef = B6A38A652811534D00AB03EC /* HelloWideExampleUITests.swift */; };
		B6A38A682811534D00AB03EC /* HelloWideExampleUITestsLaunchTests.swift in Sources */ = {isa = PBXBuildFile; fileRef = B6A38A672811534D00AB03EC /* HelloWideExampleUITestsLaunchTests.swift */; };
/* End PBXBuildFile section */

/* Begin PBXContainerItemProxy section */
		B6A38A582811534D00AB03EC /* PBXContainerItemProxy */ = {
			isa = PBXContainerItemProxy;
			containerPortal = B6A38A392811534B00AB03EC /* Project object */;
			proxyType = 1;
			remoteGlobalIDString = B6A38A402811534B00AB03EC;
			remoteInfo = HelloWideExample;
		};
		B6A38A622811534D00AB03EC /* PBXContainerItemProxy */ = {
			isa = PBXContainerItemProxy;
			containerPortal = B6A38A392811534B00AB03EC /* Project object */;
			proxyType = 1;
			remoteGlobalIDString = B6A38A402811534B00AB03EC;
			remoteInfo = HelloWideExample;
		};
/* End PBXContainerItemProxy section */

/* Begin PBXFileReference section */
		B6A38A412811534B00AB03EC /* HelloWideExample.app */ = {isa = PBXFileReference; explicitFileType = wrapper.application; includeInIndex = 0; path = HelloWideExample.app; sourceTree = BUILT_PRODUCTS_DIR; };
		B6A38A442811534B00AB03EC /* AppDelegate.swift */ = {isa = PBXFileReference; lastKnownFileType = sourcecode.swift; path = AppDelegate.swift; sourceTree = "<group>"; };
		B6A38A482811534B00AB03EC /* ViewController.swift */ = {isa = PBXFileReference; lastKnownFileType = sourcecode.swift; path = ViewController.swift; sourceTree = "<group>"; };
		B6A38A4B2811534B00AB03EC /* Base */ = {isa = PBXFileReference; lastKnownFileType = file.storyboard; name = Base; path = Base.lproj/Main.storyboard; sourceTree = "<group>"; };
		B6A38A4D2811534C00AB03EC /* Assets.xcassets */ = {isa = PBXFileReference; lastKnownFileType = folder.assetcatalog; path = Assets.xcassets; sourceTree = "<group>"; };
		B6A38A502811534C00AB03EC /* Base */ = {isa = PBXFileReference; lastKnownFileType = file.storyboard; name = Base; path = Base.lproj/LaunchScreen.storyboard; sourceTree = "<group>"; };
		B6A38A522811534C00AB03EC /* Info.plist */ = {isa = PBXFileReference; lastKnownFileType = text.plist.xml; path = Info.plist; sourceTree = "<group>"; };
		B6A38A572811534D00AB03EC /* HelloWideExampleTests.xctest */ = {isa = PBXFileReference; explicitFileType = wrapper.cfbundle; includeInIndex = 0; path = HelloWideExampleTests.xctest; sourceTree = BUILT_PRODUCTS_DIR; };
		B6A38A5B2811534D00AB03EC /* HelloWideExampleTests.swift */ = {isa = PBXFileReference; lastKnownFileType = sourcecode.swift; path = HelloWideExampleTests.swift; sourceTree = "<group>"; };
		B6A38A612811534D00AB03EC /* HelloWideExampleUITests.xctest */ = {isa = PBXFileReference; explicitFileType = wrapper.cfbundle; includeInIndex = 0; path = HelloWideExampleUITests.xctest; sourceTree = BUILT_PRODUCTS_DIR; };
		B6A38A652811534D00AB03EC /* HelloWideExampleUITests.swift */ = {isa = PBXFileReference; lastKnownFileType = sourcecode.swift; path = HelloWideExampleUITests.swift; sourceTree = "<group>"; };
		B6A38A672811534D00AB03EC /* HelloWideExampleUITestsLaunchTests.swift */ = {isa = PBXFileReference; lastKnownFileType = sourcecode.swift; path = HelloWideExampleUITestsLaunchTests.swift; sourceTree = "<group>"; };
/* End PBXFileReference section */

/* Begin PBXFrameworksBuildPhase section */
		B6A38A3E2811534B00AB03EC /* Frameworks */ = {
			isa = PBXFrameworksBuildPhase;
			buildActionMask = 2147483647;
			files = (
			);
			runOnlyForDeploymentPostprocessing = 0;
		};
		B6A38A542811534D00AB03EC /* Frameworks */ = {
			isa = PBXFrameworksBuildPhase;
			buildActionMask = 2147483647;
			files = (
			);
			runOnlyForDeploymentPostprocessing = 0;
		};
		B6A38A5E2811534D00AB03EC /* Frameworks */ = {
			isa = PBXFrameworksBuildPhase;
			buildActionMask = 2147483647;
			files = (
			);
			runOnlyForDeploymentPostprocessing = 0;
		};
/* End PBXFrameworksBuildPhase section */

/* Begin PBXGroup section */
		B6A38A382811534B00AB03EC = {
			isa = PBXGroup;
			children = (
				B6A38A432811534B00AB03EC /* HelloWideExample */,
				B6A38A5A2811534D00AB03EC /* HelloWideExampleTests */,
				B6A38A642811534D00AB03EC /* HelloWideExampleUITests */,
				B6A38A422811534B00AB03EC /* Products */,
				B6A38A742811537B00AB03EC /* Frameworks */,
			);
			sourceTree = "<group>";
		};
		B6A38A422811534B00AB03EC /* Products */ = {
			isa = PBXGroup;
			children = (
				B6A38A412811534B00AB03EC /* HelloWideExample.app */,
				B6A38A572811534D00AB03EC /* HelloWideExampleTests.xctest */,
				B6A38A612811534D00AB03EC /* HelloWideExampleUITests.xctest */,
			);
			name = Products;
			sourceTree = "<group>";
		};
		B6A38A432811534B00AB03EC /* HelloWideExample */ = {
			isa = PBXGroup;
			children = (
				B6A38A442811534B00AB03EC /* AppDelegate.swift */,
				B6A38A482811534B00AB03EC /* ViewController.swift */,
				B6A38A4A2811534B00AB03EC /* Main.storyboard */,
				B6A38A4D2811534C00AB03EC /* Assets.xcassets */,
				B6A38A4F2811534C00AB03EC /* LaunchScreen.storyboard */,
				B6A38A522811534C00AB03EC /* Info.plist */,
			);
			path = HelloWideExample;
			sourceTree = "<group>";
		};
		B6A38A5A2811534D00AB03EC /* HelloWideExampleTests */ = {
			isa = PBXGroup;
			children = (
				B6A38A5B2811534D00AB03EC /* HelloWideExampleTests.swift */,
			);
			path = HelloWideExampleTests;
			sourceTree = "<group>";
		};
		B6A38A642811534D00AB03EC /* HelloWideExampleUITests */ = {
			isa = PBXGroup;
			children = (
				B6A38A652811534D00AB03EC /* HelloWideExampleUITests.swift */,
				B6A38A672811534D00AB03EC /* HelloWideExampleUITestsLaunchTests.swift */,
			);
			path = HelloWideExampleUITests;
			sourceTree = "<group>";
		};
		B6A38A742811537B00AB03EC /* Frameworks */ = {
			isa = PBXGroup;
			children = (
			);
			name = Frameworks;
			sourceTree = "<group>";
		};
/* End PBXGroup section */

/* Begin PBXNativeTarget section */
		B6A38A402811534B00AB03EC /* HelloWideExample */ = {
			isa = PBXNativeTarget;
			buildConfigurationList = B6A38A6B2811534D00AB03EC /* Build configuration list for PBXNativeTarget "HelloWideExample" */;
			buildPhases = (
				B6A38A3D2811534B00AB03EC /* Sources */,
				B6A38A3E2811534B00AB03EC /* Frameworks */,
				B6A38A3F2811534B00AB03EC /* Resources */,
			);
			buildRules = (
			);
			dependencies = (
			);
			name = HelloWideExample;
			productName = HelloWideExample;
			productReference = B6A38A412811534B00AB03EC /* HelloWideExample.app */;
			productType = "com.apple.product-type.application";
		};
		B6A38A562811534D00AB03EC /* HelloWideExampleTests */ = {
			isa = PBXNativeTarget;
			buildConfigurationList = B6A38A6E2811534D00AB03EC /* Build configuration list for PBXNativeTarget "HelloWideExampleTests" */;
			buildPhases = (
				B6A38A532811534D00AB03EC /* Sources */,
				B6A38A542811534D00AB03EC /* Frameworks */,
				B6A38A552811534D00AB03EC /* Resources */,
			);
			buildRules = (
			);
			dependencies = (
				B6A38A592811534D00AB03EC /* PBXTargetDependency */,
			);
			name = HelloWideExampleTests;
			productName = HelloWideExampleTests;
			productReference = B6A38A572811534D00AB03EC /* HelloWideExampleTests.xctest */;
			productType = "com.apple.product-type.bundle.unit-test";
		};
		B6A38A602811534D00AB03EC /* HelloWideExampleUITests */ = {
			isa = PBXNativeTarget;
			buildConfigurationList = B6A38A712811534D00AB03EC /* Build configuration list for PBXNativeTarget "HelloWideExampleUITests" */;
			buildPhases = (
				B6A38A5D2811534D00AB03EC /* Sources */,
				B6A38A5E2811534D00AB03EC /* Frameworks */,
				B6A38A5F2811534D00AB03EC /* Resources */,
			);
			buildRules = (
			);
			dependencies = (
				B6A38A632811534D00AB03EC /* PBXTargetDependency */,
			);
			name = HelloWideExampleUITests;
			productName = HelloWideExampleUITests;
			productReference = B6A38A612811534D00AB03EC /* HelloWideExampleUITests.xctest */;
			productType = "com.apple.product-type.bundle.ui-testing";
		};
/* End PBXNativeTarget section */

/* Begin PBXProject section */
		B6A38A392811534B00AB03EC /* Project object */ = {
			isa = PBXProject;
			attributes = {
				BuildIndependentTargetsInParallel = 1;
				LastSwiftUpdateCheck = 1330;
				LastUpgradeCheck = 1330;
				TargetAttributes = {
					B6A38A402811534B00AB03EC = {
						CreatedOnToolsVersion = 13.3.1;
					};
					B6A38A562811534D00AB03EC = {
						CreatedOnToolsVersion = 13.3.1;
						TestTargetID = B6A38A402811534B00AB03EC;
					};
					B6A38A602811534D00AB03EC = {
						CreatedOnToolsVersion = 13.3.1;
						TestTargetID = B6A38A402811534B00AB03EC;
					};
				};
			};
			buildConfigurationList = B6A38A3C2811534B00AB03EC /* Build configuration list for PBXProject "HelloWideExample" */;
			compatibilityVersion = "Xcode 13.0";
			developmentRegion = en;
			hasScannedForEncodings = 0;
			knownRegions = (
				en,
				Base,
			);
			mainGroup = B6A38A382811534B00AB03EC;
			productRefGroup = B6A38A422811534B00AB03EC /* Products */;
			projectDirPath = "";
			projectRoot = "";
			targets = (
				B6A38A402811534B00AB03EC /* HelloWideExample */,
				B6A38A562811534D00AB03EC /* HelloWideExampleTests */,
				B6A38A602811534D00AB03EC /* HelloWideExampleUITests */,
			);
		};
/* End PBXProject section */

/* Begin PBXResourcesBuildPhase section */
		B6A38A3F2811534B00AB03EC /* Resources */ = {
			isa = PBXResourcesBuildPhase;
			buildActionMask = 2147483647;
			files = (
				B6A38A512811534C00AB03EC /* LaunchScreen.storyboard in Resources */,
				B6A38A4E2811534C00AB03EC /* Assets.xcassets in Resources */,
				B6A38A4C2811534B00AB03EC /* Main.storyboard in Resources */,
			);
			runOnlyForDeploymentPostprocessing = 0;
		};
		B6A38A552811534D00AB03EC /* Resources */ = {
			isa = PBXResourcesBuildPhase;
			buildActionMask = 2147483647;
			files = (
			);
			runOnlyForDeploymentPostprocessing = 0;
		};
		B6A38A5F2811534D00AB03EC /* Resources */ = {
			isa = PBXResourcesBuildPhase;
			buildActionMask = 2147483647;
			files = (
			);
			runOnlyForDeploymentPostprocessing = 0;
		};
/* End PBXResourcesBuildPhase section */

/* Begin PBXSourcesBuildPhase section */
		B6A38A3D2811534B00AB03EC /* Sources */ = {
			isa = PBXSourcesBuildPhase;
			buildActionMask = 2147483647;
			files = (
				B6A38A492811534B00AB03EC /* ViewController.swift in Sources */,
				B6A38A452811534B00AB03EC /* AppDelegate.swift in Sources */,
			);
			runOnlyForDeploymentPostprocessing = 0;
		};
		B6A38A532811534D00AB03EC /* Sources */ = {
			isa = PBXSourcesBuildPhase;
			buildActionMask = 2147483647;
			files = (
				B6A38A5C2811534D00AB03EC /* HelloWideExampleTests.swift in Sources */,
			);
			runOnlyForDeploymentPostprocessing = 0;
		};
		B6A38A5D2811534D00AB03EC /* Sources */ = {
			isa = PBXSourcesBuildPhase;
			buildActionMask = 2147483647;
			files = (
				B6A38A662811534D00AB03EC /* HelloWideExampleUITests.swift in Sources */,
				B6A38A682811534D00AB03EC /* HelloWideExampleUITestsLaunchTests.swift in Sources */,
			);
			runOnlyForDeploymentPostprocessing = 0;
		};
/* End PBXSourcesBuildPhase section */

/* Begin PBXTargetDependency section */
		B6A38A592811534D00AB03EC /* PBXTargetDependency */ = {
			isa = PBXTargetDependency;
			target = B6A38A402811534B00AB03EC /* HelloWideExample */;
			targetProxy = B6A38A582811534D00AB03EC /* PBXContainerItemProxy */;
		};
		B6A38A632811534D00AB03EC /* PBXTargetDependency */ = {
			isa = PBXTargetDependency;
			target = B6A38A402811534B00AB03EC /* HelloWideExample */;
			targetProxy = B6A38A622811534D00AB03EC /* PBXContainerItemProxy */;
		};
/* End PBXTargetDependency section */

/* Begin PBXVariantGroup section */
		B6A38A4A2811534B00AB03EC /* Main.storyboard */ = {
			isa = PBXVariantGroup;
			children = (
				B6A38A4B2811534B00AB03EC /* Base */,
			);
			name = Main.storyboard;
			sourceTree = "<group>";
		};
		B6A38A4F2811534C00AB03EC /* LaunchScreen.storyboard */ = {
			isa = PBXVariantGroup;
			children = (
				B6A38A502811534C00AB03EC /* Base */,
			);
			name = LaunchScreen.storyboard;
			sourceTree = "<group>";
		};
/* End PBXVariantGroup section */

/* Begin XCBuildConfiguration section */
		B6A38A692811534D00AB03EC /* Debug */ = {
			isa = XCBuildConfiguration;
			buildSettings = {
				ALWAYS_SEARCH_USER_PATHS = NO;
				CLANG_ANALYZER_NONNULL = YES;
				CLANG_ANALYZER_NUMBER_OBJECT_CONVERSION = YES_AGGRESSIVE;
				CLANG_CXX_LANGUAGE_STANDARD = "gnu++17";
				CLANG_ENABLE_MODULES = YES;
				CLANG_ENABLE_OBJC_ARC = YES;
				CLANG_ENABLE_OBJC_WEAK = YES;
				CLANG_WARN_BLOCK_CAPTURE_AUTORELEASING = YES;
				CLANG_WARN_BOOL_CONVERSION = YES;
				CLANG_WARN_COMMA = YES;
				CLANG_WARN_CONSTANT_CONVERSION = YES;
				CLANG_WARN_DEPRECATED_OBJC_IMPLEMENTATIONS = YES;
				CLANG_WARN_DIRECT_OBJC_ISA_USAGE = YES_ERROR;
				CLANG_WARN_DOCUMENTATION_COMMENTS = YES;
				CLANG_WARN_EMPTY_BODY = YES;
				CLANG_WARN_ENUM_CONVERSION = YES;
				CLANG_WARN_INFINITE_RECURSION = YES;
				CLANG_WARN_INT_CONVERSION = YES;
				CLANG_WARN_NON_LITERAL_NULL_CONVERSION = YES;
				CLANG_WARN_OBJC_IMPLICIT_RETAIN_SELF = YES;
				CLANG_WARN_OBJC_LITERAL_CONVERSION = YES;
				CLANG_WARN_OBJC_ROOT_CLASS = YES_ERROR;
				CLANG_WARN_QUOTED_INCLUDE_IN_FRAMEWORK_HEADER = YES;
				CLANG_WARN_RANGE_LOOP_ANALYSIS = YES;
				CLANG_WARN_STRICT_PROTOTYPES = YES;
				CLANG_WARN_SUSPICIOUS_MOVE = YES;
				CLANG_WARN_UNGUARDED_AVAILABILITY = YES_AGGRESSIVE;
				CLANG_WARN_UNREACHABLE_CODE = YES;
				CLANG_WARN__DUPLICATE_METHOD_MATCH = YES;
				COPY_PHASE_STRIP = NO;
				DEBUG_INFORMATION_FORMAT = dwarf;
				ENABLE_STRICT_OBJC_MSGSEND = YES;
				ENABLE_TESTABILITY = YES;
				GCC_C_LANGUAGE_STANDARD = gnu11;
				GCC_DYNAMIC_NO_PIC = NO;
				GCC_NO_COMMON_BLOCKS = YES;
				GCC_OPTIMIZATION_LEVEL = 0;
				GCC_PREPROCESSOR_DEFINITIONS = (
					"DEBUG=1",
					"$(inherited)",
				);
				GCC_WARN_64_TO_32_BIT_CONVERSION = YES;
				GCC_WARN_ABOUT_RETURN_TYPE = YES_ERROR;
				GCC_WARN_UNDECLARED_SELECTOR = YES;
				GCC_WARN_UNINITIALIZED_AUTOS = YES_AGGRESSIVE;
				GCC_WARN_UNUSED_FUNCTION = YES;
				GCC_WARN_UNUSED_VARIABLE = YES;
				IPHONEOS_DEPLOYMENT_TARGET = 15.4;
				MTL_ENABLE_DEBUG_INFO = INCLUDE_SOURCE;
				MTL_FAST_MATH = YES;
				ONLY_ACTIVE_ARCH = YES;
				SDKROOT = iphoneos;
				SWIFT_ACTIVE_COMPILATION_CONDITIONS = DEBUG;
				SWIFT_OPTIMIZATION_LEVEL = "-Onone";
			};
			name = Debug;
		};
		B6A38A6A2811534D00AB03EC /* Release */ = {
			isa = XCBuildConfiguration;
			buildSettings = {
				ALWAYS_SEARCH_USER_PATHS = NO;
				CLANG_ANALYZER_NONNULL = YES;
				CLANG_ANALYZER_NUMBER_OBJECT_CONVERSION = YES_AGGRESSIVE;
				CLANG_CXX_LANGUAGE_STANDARD = "gnu++17";
				CLANG_ENABLE_MODULES = YES;
				CLANG_ENABLE_OBJC_ARC = YES;
				CLANG_ENABLE_OBJC_WEAK = YES;
				CLANG_WARN_BLOCK_CAPTURE_AUTORELEASING = YES;
				CLANG_WARN_BOOL_CONVERSION = YES;
				CLANG_WARN_COMMA = YES;
				CLANG_WARN_CONSTANT_CONVERSION = YES;
				CLANG_WARN_DEPRECATED_OBJC_IMPLEMENTATIONS = YES;
				CLANG_WARN_DIRECT_OBJC_ISA_USAGE = YES_ERROR;
				CLANG_WARN_DOCUMENTATION_COMMENTS = YES;
				CLANG_WARN_EMPTY_BODY = YES;
				CLANG_WARN_ENUM_CONVERSION = YES;
				CLANG_WARN_INFINITE_RECURSION = YES;
				CLANG_WARN_INT_CONVERSION = YES;
				CLANG_WARN_NON_LITERAL_NULL_CONVERSION = YES;
				CLANG_WARN_OBJC_IMPLICIT_RETAIN_SELF = YES;
				CLANG_WARN_OBJC_LITERAL_CONVERSION = YES;
				CLANG_WARN_OBJC_ROOT_CLASS = YES_ERROR;
				CLANG_WARN_QUOTED_INCLUDE_IN_FRAMEWORK_HEADER = YES;
				CLANG_WARN_RANGE_LOOP_ANALYSIS = YES;
				CLANG_WARN_STRICT_PROTOTYPES = YES;
				CLANG_WARN_SUSPICIOUS_MOVE = YES;
				CLANG_WARN_UNGUARDED_AVAILABILITY = YES_AGGRESSIVE;
				CLANG_WARN_UNREACHABLE_CODE = YES;
				CLANG_WARN__DUPLICATE_METHOD_MATCH = YES;
				COPY_PHASE_STRIP = NO;
				DEBUG_INFORMATION_FORMAT = "dwarf-with-dsym";
				ENABLE_NS_ASSERTIONS = NO;
				ENABLE_STRICT_OBJC_MSGSEND = YES;
				GCC_C_LANGUAGE_STANDARD = gnu11;
				GCC_NO_COMMON_BLOCKS = YES;
				GCC_WARN_64_TO_32_BIT_CONVERSION = YES;
				GCC_WARN_ABOUT_RETURN_TYPE = YES_ERROR;
				GCC_WARN_UNDECLARED_SELECTOR = YES;
				GCC_WARN_UNINITIALIZED_AUTOS = YES_AGGRESSIVE;
				GCC_WARN_UNUSED_FUNCTION = YES;
				GCC_WARN_UNUSED_VARIABLE = YES;
				IPHONEOS_DEPLOYMENT_TARGET = 15.4;
				MTL_ENABLE_DEBUG_INFO = NO;
				MTL_FAST_MATH = YES;
				SDKROOT = iphoneos;
				SWIFT_COMPILATION_MODE = wholemodule;
				SWIFT_OPTIMIZATION_LEVEL = "-O";
				VALIDATE_PRODUCT = YES;
			};
			name = Release;
		};
		B6A38A6C2811534D00AB03EC /* Debug */ = {
			isa = XCBuildConfiguration;
			buildSettings = {
				ASSETCATALOG_COMPILER_APPICON_NAME = AppIcon;
				ASSETCATALOG_COMPILER_GLOBAL_ACCENT_COLOR_NAME = AccentColor;
				CODE_SIGN_STYLE = Automatic;
				CURRENT_PROJECT_VERSION = 1;
				DEVELOPMENT_TEAM = M7MAG5PK95;
				"EXCLUDED_ARCHS[sdk=iphonesimulator*]" = arm64;
				GENERATE_INFOPLIST_FILE = YES;
				INFOPLIST_FILE = HelloWideExample/Info.plist;
				INFOPLIST_KEY_CFBundleDisplayName = HelloWideExample;
				INFOPLIST_KEY_NSCalendarsUsageDescription = "See your scheduled meetings in the app.";
				INFOPLIST_KEY_NSCameraUsageDescription = "Participate in meetings with video.";
				INFOPLIST_KEY_NSLocalNetworkUsageDescription = "Local network is used for establishing Peer-to-Peer connections.";
				INFOPLIST_KEY_NSMicrophoneUsageDescription = "Participate in meetings with voice.";
				INFOPLIST_KEY_NSPhotoLibraryAddUsageDescription = "This app would like to save images to your device.";
				INFOPLIST_KEY_NSPhotoLibraryUsageDescription = "This app would like to save images to your device.";
				INFOPLIST_KEY_UIApplicationSupportsIndirectInputEvents = YES;
				INFOPLIST_KEY_UILaunchStoryboardName = LaunchScreen;
				INFOPLIST_KEY_UIMainStoryboardFile = Main;
				INFOPLIST_KEY_UISupportedInterfaceOrientations = UIInterfaceOrientationPortrait;
				INFOPLIST_KEY_UISupportedInterfaceOrientations_iPad = "UIInterfaceOrientationPortrait UIInterfaceOrientationPortraitUpsideDown UIInterfaceOrientationLandscapeLeft UIInterfaceOrientationLandscapeRight";
				INFOPLIST_KEY_UISupportedInterfaceOrientations_iPhone = "UIInterfaceOrientationPortrait UIInterfaceOrientationLandscapeLeft UIInterfaceOrientationLandscapeRight";
				IPHONEOS_DEPLOYMENT_TARGET = 12.0;
				LD_RUNPATH_SEARCH_PATHS = (
					"$(inherited)",
					"@executable_path/Frameworks",
				);
				MARKETING_VERSION = 1.0;
				PRODUCT_BUNDLE_IDENTIFIER = com.wide.HelloWideExample;
				PRODUCT_NAME = "$(TARGET_NAME)";
				SWIFT_EMIT_LOC_STRINGS = YES;
				SWIFT_VERSION = 5.0;
				TARGETED_DEVICE_FAMILY = 1;
			};
			name = Debug;
		};
		B6A38A6D2811534D00AB03EC /* Release */ = {
			isa = XCBuildConfiguration;
			buildSettings = {
				ASSETCATALOG_COMPILER_APPICON_NAME = AppIcon;
				ASSETCATALOG_COMPILER_GLOBAL_ACCENT_COLOR_NAME = AccentColor;
				CODE_SIGN_STYLE = Automatic;
				CURRENT_PROJECT_VERSION = 1;
				DEVELOPMENT_TEAM = M7MAG5PK95;
				"EXCLUDED_ARCHS[sdk=iphonesimulator*]" = arm64;
				GENERATE_INFOPLIST_FILE = YES;
				INFOPLIST_FILE = HelloWideExample/Info.plist;
				INFOPLIST_KEY_CFBundleDisplayName = HelloWideExample;
				INFOPLIST_KEY_NSCalendarsUsageDescription = "See your scheduled meetings in the app.";
				INFOPLIST_KEY_NSCameraUsageDescription = "Participate in meetings with video.";
				INFOPLIST_KEY_NSLocalNetworkUsageDescription = "Local network is used for establishing Peer-to-Peer connections.";
				INFOPLIST_KEY_NSMicrophoneUsageDescription = "Participate in meetings with voice.";
				INFOPLIST_KEY_NSPhotoLibraryAddUsageDescription = "This app would like to save images to your device.";
				INFOPLIST_KEY_NSPhotoLibraryUsageDescription = "This app would like to save images to your device.";
				INFOPLIST_KEY_UIApplicationSupportsIndirectInputEvents = YES;
				INFOPLIST_KEY_UILaunchStoryboardName = LaunchScreen;
				INFOPLIST_KEY_UIMainStoryboardFile = Main;
				INFOPLIST_KEY_UISupportedInterfaceOrientations = UIInterfaceOrientationPortrait;
				INFOPLIST_KEY_UISupportedInterfaceOrientations_iPad = "UIInterfaceOrientationPortrait UIInterfaceOrientationPortraitUpsideDown UIInterfaceOrientationLandscapeLeft UIInterfaceOrientationLandscapeRight";
				INFOPLIST_KEY_UISupportedInterfaceOrientations_iPhone = "UIInterfaceOrientationPortrait UIInterfaceOrientationLandscapeLeft UIInterfaceOrientationLandscapeRight";
				IPHONEOS_DEPLOYMENT_TARGET = 12.0;
				LD_RUNPATH_SEARCH_PATHS = (
					"$(inherited)",
					"@executable_path/Frameworks",
				);
				MARKETING_VERSION = 1.0;
				PRODUCT_BUNDLE_IDENTIFIER = com.wide.HelloWideExample;
				PRODUCT_NAME = "$(TARGET_NAME)";
				SWIFT_EMIT_LOC_STRINGS = YES;
				SWIFT_VERSION = 5.0;
				TARGETED_DEVICE_FAMILY = 1;
			};
			name = Release;
		};
		B6A38A6F2811534D00AB03EC /* Debug */ = {
			isa = XCBuildConfiguration;
			buildSettings = {
				ALWAYS_EMBED_SWIFT_STANDARD_LIBRARIES = YES;
				BUNDLE_LOADER = "$(TEST_HOST)";
				CODE_SIGN_STYLE = Automatic;
				CURRENT_PROJECT_VERSION = 1;
				DEVELOPMENT_TEAM = M7MAG5PK95;
				GENERATE_INFOPLIST_FILE = YES;
				IPHONEOS_DEPLOYMENT_TARGET = 15.4;
				MARKETING_VERSION = 1.0;
				PRODUCT_BUNDLE_IDENTIFIER = com.wide.HelloWideExampleTests;
				PRODUCT_NAME = "$(TARGET_NAME)";
				SWIFT_EMIT_LOC_STRINGS = NO;
				SWIFT_VERSION = 5.0;
				TARGETED_DEVICE_FAMILY = "1,2";
				TEST_HOST = "$(BUILT_PRODUCTS_DIR)/HelloWideExample.app/HelloWideExample";
			};
			name = Debug;
		};
		B6A38A702811534D00AB03EC /* Release */ = {
			isa = XCBuildConfiguration;
			buildSettings = {
				ALWAYS_EMBED_SWIFT_STANDARD_LIBRARIES = YES;
				BUNDLE_LOADER = "$(TEST_HOST)";
				CODE_SIGN_STYLE = Automatic;
				CURRENT_PROJECT_VERSION = 1;
				DEVELOPMENT_TEAM = M7MAG5PK95;
				GENERATE_INFOPLIST_FILE = YES;
				IPHONEOS_DEPLOYMENT_TARGET = 15.4;
				MARKETING_VERSION = 1.0;
				PRODUCT_BUNDLE_IDENTIFIER = com.wide.HelloWideExampleTests;
				PRODUCT_NAME = "$(TARGET_NAME)";
				SWIFT_EMIT_LOC_STRINGS = NO;
				SWIFT_VERSION = 5.0;
				TARGETED_DEVICE_FAMILY = "1,2";
				TEST_HOST = "$(BUILT_PRODUCTS_DIR)/HelloWideExample.app/HelloWideExample";
			};
			name = Release;
		};
		B6A38A722811534D00AB03EC /* Debug */ = {
			isa = XCBuildConfiguration;
			buildSettings = {
				ALWAYS_EMBED_SWIFT_STANDARD_LIBRARIES = YES;
				CODE_SIGN_STYLE = Automatic;
				CURRENT_PROJECT_VERSION = 1;
				DEVELOPMENT_TEAM = M7MAG5PK95;
				GENERATE_INFOPLIST_FILE = YES;
				MARKETING_VERSION = 1.0;
				PRODUCT_BUNDLE_IDENTIFIER = com.wide.HelloWideExampleUITests;
				PRODUCT_NAME = "$(TARGET_NAME)";
				SWIFT_EMIT_LOC_STRINGS = NO;
				SWIFT_VERSION = 5.0;
				TARGETED_DEVICE_FAMILY = "1,2";
				TEST_TARGET_NAME = HelloWideExample;
			};
			name = Debug;
		};
		B6A38A732811534D00AB03EC /* Release */ = {
			isa = XCBuildConfiguration;
			buildSettings = {
				ALWAYS_EMBED_SWIFT_STANDARD_LIBRARIES = YES;
				CODE_SIGN_STYLE = Automatic;
				CURRENT_PROJECT_VERSION = 1;
				DEVELOPMENT_TEAM = M7MAG5PK95;
				GENERATE_INFOPLIST_FILE = YES;
				MARKETING_VERSION = 1.0;
				PRODUCT_BUNDLE_IDENTIFIER = com.wide.HelloWideExampleUITests;
				PRODUCT_NAME = "$(TARGET_NAME)";
				SWIFT_EMIT_LOC_STRINGS = NO;
				SWIFT_VERSION = 5.0;
				TARGETED_DEVICE_FAMILY = "1,2";
				TEST_TARGET_NAME = HelloWideExample;
			};
			name = Release;
		};
/* End XCBuildConfiguration section */

/* Begin XCConfigurationList section */
		B6A38A3C2811534B00AB03EC /* Build configuration list for PBXProject "HelloWideExample" */ = {
			isa = XCConfigurationList;
			buildConfigurations = (
				B6A38A692811534D00AB03EC /* Debug */,
				B6A38A6A2811534D00AB03EC /* Release */,
			);
			defaultConfigurationIsVisible = 0;
			defaultConfigurationName = Release;
		};
		B6A38A6B2811534D00AB03EC /* Build configuration list for PBXNativeTarget "HelloWideExample" */ = {
			isa = XCConfigurationList;
			buildConfigurations = (
				B6A38A6C2811534D00AB03EC /* Debug */,
				B6A38A6D2811534D00AB03EC /* Release */,
			);
			defaultConfigurationIsVisible = 0;
			defaultConfigurationName = Release;
		};
		B6A38A6E2811534D00AB03EC /* Build configuration list for PBXNativeTarget "HelloWideExampleTests" */ = {
			isa = XCConfigurationList;
			buildConfigurations = (
				B6A38A6F2811534D00AB03EC /* Debug */,
				B6A38A702811534D00AB03EC /* Release */,
			);
			defaultConfigurationIsVisible = 0;
			defaultConfigurationName = Release;
		};
		B6A38A712811534D00AB03EC /* Build configuration list for PBXNativeTarget "HelloWideExampleUITests" */ = {
			isa = XCConfigurationList;
			buildConfigurations = (
				B6A38A722811534D00AB03EC /* Debug */,
				B6A38A732811534D00AB03EC /* Release */,
			);
			defaultConfigurationIsVisible = 0;
			defaultConfigurationName = Release;
		};
/* End XCConfigurationList section */
	};
	rootObject = B6A38A392811534B00AB03EC /* Project object */;
}
